
Microsoft Visual Studio Solution File, Format Version 12.00
# Visual Studio Version 16
VisualStudioVersion = 16.0.30320.27
MinimumVisualStudioVersion = 10.0.40219.1
Project("{8BC9CEB8-8B4A-11D0-8D11-00A0C91BC942}") = "QuestionsToDb", "QuestionsToDb.vcxproj", "{C8FA31AF-9ECA-441F-846F-0F340174DAC8}"
EndProject
Global
	GlobalSection(SolutionConfigurationPlatforms) = preSolution
		Debug|x64 = Debug|x64
		Debug|x86 = Debug|x86
		Release|x64 = Release|x64
		Release|x86 = Release|x86
	EndGlobalSection
	GlobalSection(ProjectConfigurationPlatforms) = postSolution
		{C8FA31AF-9ECA-441F-846F-0F340174DAC8}.Debug|x64.ActiveCfg = Debug|x64
		{C8FA31AF-9ECA-441F-846F-0F340174DAC8}.Debug|x64.Build.0 = Debug|x64
		{C8FA31AF-9ECA-441F-846F-0F340174DAC8}.Debug|x86.ActiveCfg = Debug|Win32
		{C8FA31AF-9ECA-441F-846F-0F340174DAC8}.Debug|x86.Build.0 = Debug|Win32
		{C8FA31AF-9ECA-441F-846F-0F340174DAC8}.Release|x64.ActiveCfg = Release|x64
		{C8FA31AF-9ECA-441F-846F-0F340174DAC8}.Release|x64.Build.0 = Release|x64
		{C8FA31AF-9ECA-441F-846F-0F340174DAC8}.Release|x86.ActiveCfg = Release|Win32
		{C8FA31AF-9ECA-441F-846F-0F340174DAC8}.Release|x86.Build.0 = Release|Win32
	EndGlobalSection
	GlobalSection(SolutionProperties) = preSolution
		HideSolutionNode = FALSE
	EndGlobalSection
	GlobalSection(ExtensibilityGlobals) = postSolution
		SolutionGuid = {3102EAC3-9371-4B3A-8BD8-7665974D79FB}
	EndGlobalSection
EndGlobal
